
Microsoft Visual Studio Solution File, Format Version 12.00
# Visual Studio 2013
VisualStudioVersion = 12.0.21005.1
MinimumVisualStudioVersion = 10.0.40219.1
Project("{8BC9CEB8-8B4A-11D0-8D11-00A0C91BC942}") = "2048", "2048\2048.vcxproj", "{78D06CA0-AE75-435B-8E01-C6386CBEC4E0}"
EndProject
Global
	GlobalSection(SolutionConfigurationPlatforms) = preSolution
		Debug|Win32 = Debug|Win32
		Release|Win32 = Release|Win32
	EndGlobalSection
	GlobalSection(ProjectConfigurationPlatforms) = postSolution
		{78D06CA0-AE75-435B-8E01-C6386CBEC4E0}.Debug|Win32.ActiveCfg = Debug|Win32
		{78D06CA0-AE75-435B-8E01-C6386CBEC4E0}.Debug|Win32.Build.0 = Debug|Win32
		{78D06CA0-AE75-435B-8E01-C6386CBEC4E0}.Release|Win32.ActiveCfg = Release|Win32
		{78D06CA0-AE75-435B-8E01-C6386CBEC4E0}.Release|Win32.Build.0 = Release|Win32
	EndGlobalSection
	GlobalSection(SolutionProperties) = preSolution
		HideSolutionNode = FALSE
	EndGlobalSection
EndGlobal
